
Microsoft Visual Studio Solution File, Format Version 12.00
# Visual Studio Version 17
VisualStudioVersion = 17.4.33103.184
MinimumVisualStudioVersion = 10.0.40219.1
Project("{FAE04EC0-301F-11D3-BF4B-00C04F79EFBC}") = "EventDrivenATM", "EventDrivenATM\EventDrivenATM.csproj", "{F15466C1-0A26-4165-A5CE-1E7C204E181A}"
EndProject
Global
	GlobalSection(SolutionConfigurationPlatforms) = preSolution
		Debug|Any CPU = Debug|Any CPU
		Release|Any CPU = Release|Any CPU
	EndGlobalSection
	GlobalSection(ProjectConfigurationPlatforms) = postSolution
		{F15466C1-0A26-4165-A5CE-1E7C204E181A}.Debug|Any CPU.ActiveCfg = Debug|Any CPU
		{F15466C1-0A26-4165-A5CE-1E7C204E181A}.Debug|Any CPU.Build.0 = Debug|Any CPU
		{F15466C1-0A26-4165-A5CE-1E7C204E181A}.Release|Any CPU.ActiveCfg = Release|Any CPU
		{F15466C1-0A26-4165-A5CE-1E7C204E181A}.Release|Any CPU.Build.0 = Release|Any CPU
	EndGlobalSection
	GlobalSection(SolutionProperties) = preSolution
		HideSolutionNode = FALSE
	EndGlobalSection
	GlobalSection(ExtensibilityGlobals) = postSolution
		SolutionGuid = {48E162B3-C14E-4A50-AA90-1414CD7133B3}
	EndGlobalSection
EndGlobal
